# THIS IS AN AUTOGENERATED FILE. DO NOT EDIT THIS FILE DIRECTLY.
# yarn lockfile v1


"ansi-escapes@^1.1.0":
  "integrity" "sha1-06ioOzGapneTZisT52HHkRQiMG4="
  "resolved" "https://registry.npmjs.org/ansi-escapes/-/ansi-escapes-1.4.0.tgz"
  "version" "1.4.0"

"ansi-regex@^2.0.0":
  "integrity" "sha1-w7M6te42DYbg5ijwRorn7yfWVN8="
  "resolved" "https://registry.npmjs.org/ansi-regex/-/ansi-regex-2.1.1.tgz"
  "version" "2.1.1"

"ansi-styles@^2.2.1":
  "integrity" "sha1-tDLdM1i2NM914eRmQ2gkBTPB3b4="
  "resolved" "https://registry.npmjs.org/ansi-styles/-/ansi-styles-2.2.1.tgz"
  "version" "2.2.1"

"axios@^0.23.0":
  "integrity" "sha512-NmvAE4i0YAv5cKq8zlDoPd1VLKAqX5oLuZKs8xkJa4qi6RGn0uhCYFjWtHHC9EM/MwOwYWOs53W+V0aqEXq1sg=="
  "resolved" "https://registry.npmjs.org/axios/-/axios-0.23.0.tgz"
  "version" "0.23.0"
  dependencies:
    "follow-redirects" "^1.14.4"

"babel-runtime@^6.6.1":
  "integrity" "sha1-llxwWGaOgrVde/4E/yM3vItWR/4="
  "resolved" "https://registry.npmjs.org/babel-runtime/-/babel-runtime-6.26.0.tgz"
  "version" "6.26.0"
  dependencies:
    "core-js" "^2.4.0"
    "regenerator-runtime" "^0.11.0"

"chalk@^1.0.0", "chalk@^1.1.1":
  "integrity" "sha1-qBFcVeSnAv5NFQq9OHKCKn4J/Jg="
  "resolved" "https://registry.npmjs.org/chalk/-/chalk-1.1.3.tgz"
  "version" "1.1.3"
  dependencies:
    "ansi-styles" "^2.2.1"
    "escape-string-regexp" "^1.0.2"
    "has-ansi" "^2.0.0"
    "strip-ansi" "^3.0.0"
    "supports-color" "^2.0.0"

"cli-cursor@^1.0.1":
  "integrity" "sha1-ZNo/fValRBLll5S9Ytw1KV6PKYc="
  "resolved" "https://registry.npmjs.org/cli-cursor/-/cli-cursor-1.0.2.tgz"
  "version" "1.0.2"
  dependencies:
    "restore-cursor" "^1.0.1"

"cli-width@^2.0.0":
  "integrity" "sha512-GRMWDxpOB6Dgk2E5Uo+3eEBvtOOlimMmpbFiKuLFnQzYDavtLFY3K5ona41jgN/WdRZtG7utuVSVTL4HbZHGkw=="
  "resolved" "https://registry.npmjs.org/cli-width/-/cli-width-2.2.1.tgz"
  "version" "2.2.1"

"code-point-at@^1.0.0":
  "integrity" "sha1-DQcLTQQ6W+ozovGkDi7bPZpMz3c="
  "resolved" "https://registry.npmjs.org/code-point-at/-/code-point-at-1.1.0.tgz"
  "version" "1.1.0"

"core-js@^2.4.0":
  "integrity" "sha512-Kb2wC0fvsWfQrgk8HU5lW6U/Lcs8+9aaYcy4ZFc6DDlo4nZ7n70dEgE5rtR0oG6ufKDUnrwfWL1mXR5ljDatrQ=="
  "resolved" "https://registry.npmjs.org/core-js/-/core-js-2.6.12.tgz"
  "version" "2.6.12"

"dotenv@^10.0.0":
  "integrity" "sha512-rlBi9d8jpv9Sf1klPjNfFAuWDjKLwTIJJ/VxtoTwIR6hnZxcEOQCZg2oIL3MWBYw5GpUDKOEnND7LXTbIpQ03Q=="
  "resolved" "https://registry.npmjs.org/dotenv/-/dotenv-10.0.0.tgz"
  "version" "10.0.0"

"escape-string-regexp@^1.0.2", "escape-string-regexp@^1.0.5":
  "integrity" "sha1-G2HAViGQqN/2rjuyzwIAyhMLhtQ="
  "resolved" "https://registry.npmjs.org/escape-string-regexp/-/escape-string-regexp-1.0.5.tgz"
  "version" "1.0.5"

"exit-hook@^1.0.0":
  "integrity" "sha1-8FyiM7SMBdVP/wd2XfhQfpXAL/g="
  "resolved" "https://registry.npmjs.org/exit-hook/-/exit-hook-1.1.1.tgz"
  "version" "1.1.1"

"figures@^1.3.5":
  "integrity" "sha1-y+Hjr/zxzUS4DK3+0o3Hk6lwHS4="
  "resolved" "https://registry.npmjs.org/figures/-/figures-1.7.0.tgz"
  "version" "1.7.0"
  dependencies:
    "escape-string-regexp" "^1.0.5"
    "object-assign" "^4.1.0"

"follow-redirects@^1.14.4":
  "integrity" "sha512-zwGkiSXC1MUJG/qmeIFH2HBJx9u0V46QGUe3YR1fXG8bXQxq7fLj0RjLZQ5nubr9qNJUZrH+xUcwXEoXNpfS+g=="
  "resolved" "https://registry.npmjs.org/follow-redirects/-/follow-redirects-1.14.4.tgz"
  "version" "1.14.4"

"has-ansi@^2.0.0":
  "integrity" "sha1-NPUEnOHs3ysGSa8+8k5F7TVBbZE="
  "resolved" "https://registry.npmjs.org/has-ansi/-/has-ansi-2.0.0.tgz"
  "version" "2.0.0"
  dependencies:
    "ansi-regex" "^2.0.0"

"image-to-base64@^2.2.0":
  "integrity" "sha512-Z+aMwm/91UOQqHhrz7Upre2ytKhWejZlWV/JxUTD1sT7GWWKFDJUEV5scVQKnkzSgPHFuQBUEWcanO+ma0PSVw=="
  "resolved" "https://registry.npmjs.org/image-to-base64/-/image-to-base64-2.2.0.tgz"
  "version" "2.2.0"
  dependencies:
    "node-fetch" "^2.6.0"

"input@^1.0.1":
  "integrity" "sha1-Jr+1MVlZxAPpMXF1z4+YlOl+V0I="
  "resolved" "https://registry.npmjs.org/input/-/input-1.0.1.tgz"
  "version" "1.0.1"
  dependencies:
    "babel-runtime" "^6.6.1"
    "chalk" "^1.1.1"
    "inquirer" "^0.12.0"
    "lodash" "^4.6.1"

"inquirer@^0.12.0":
  "integrity" "sha1-HvK/1jUE3wvHV4X/+MLEHfEvB34="
  "resolved" "https://registry.npmjs.org/inquirer/-/inquirer-0.12.0.tgz"
  "version" "0.12.0"
  dependencies:
    "ansi-escapes" "^1.1.0"
    "ansi-regex" "^2.0.0"
    "chalk" "^1.0.0"
    "cli-cursor" "^1.0.1"
    "cli-width" "^2.0.0"
    "figures" "^1.3.5"
    "lodash" "^4.3.0"
    "readline2" "^1.0.1"
    "run-async" "^0.1.0"
    "rx-lite" "^3.1.2"
    "string-width" "^1.0.1"
    "strip-ansi" "^3.0.0"
    "through" "^2.3.6"

"is-fullwidth-code-point@^1.0.0":
  "integrity" "sha1-754xOG8DGn8NZDr4L95QxFfvAMs="
  "resolved" "https://registry.npmjs.org/is-fullwidth-code-point/-/is-fullwidth-code-point-1.0.0.tgz"
  "version" "1.0.0"
  dependencies:
    "number-is-nan" "^1.0.0"

"lodash@^4.3.0", "lodash@^4.6.1":
  "integrity" "sha512-v2kDEe57lecTulaDIuNTPy3Ry4gLGJ6Z1O3vE1krgXZNrsQ+LFTGHVxVjcXPs17LhbZVGedAJv8XZ1tvj5FvSg=="
  "resolved" "https://registry.npmjs.org/lodash/-/lodash-4.17.21.tgz"
  "version" "4.17.21"

"mute-stream@0.0.5":
  "integrity" "sha1-j7+rsKmKJT0xhDMfno3rc3L6xsA="
  "resolved" "https://registry.npmjs.org/mute-stream/-/mute-stream-0.0.5.tgz"
  "version" "0.0.5"

"node-fetch@^2.6.0":
  "integrity" "sha512-mmlIVHJEu5rnIxgEgez6b9GgWXbkZj5YZ7fx+2r94a2E+Uirsp6HsPTPlomfdHtpt/B0cdKviwkoaM6pyvUOpQ=="
  "resolved" "https://registry.npmjs.org/node-fetch/-/node-fetch-2.6.5.tgz"
  "version" "2.6.5"
  dependencies:
    "whatwg-url" "^5.0.0"

"number-is-nan@^1.0.0":
  "integrity" "sha1-CXtgK1NCKlIsGvuHkDGDNpQaAR0="
  "resolved" "https://registry.npmjs.org/number-is-nan/-/number-is-nan-1.0.1.tgz"
  "version" "1.0.1"

"object-assign@^4.1.0":
  "integrity" "sha1-IQmtx5ZYh8/AXLvUQsrIv7s2CGM="
  "resolved" "https://registry.npmjs.org/object-assign/-/object-assign-4.1.1.tgz"
  "version" "4.1.1"

"once@^1.3.0":
  "integrity" "sha1-WDsap3WWHUsROsF9nFC6753Xa9E="
  "resolved" "https://registry.npmjs.org/once/-/once-1.4.0.tgz"
  "version" "1.4.0"
  dependencies:
    "wrappy" "1"

"onetime@^1.0.0":
  "integrity" "sha1-ofeDj4MUxRbwXs78vEzP4EtO14k="
  "resolved" "https://registry.npmjs.org/onetime/-/onetime-1.1.0.tgz"
  "version" "1.1.0"

"readline2@^1.0.1":
  "integrity" "sha1-QQWWCP/BVHV7cV2ZidGZ/783LjU="
  "resolved" "https://registry.npmjs.org/readline2/-/readline2-1.0.1.tgz"
  "version" "1.0.1"
  dependencies:
    "code-point-at" "^1.0.0"
    "is-fullwidth-code-point" "^1.0.0"
    "mute-stream" "0.0.5"

"regenerator-runtime@^0.11.0":
  "integrity" "sha512-MguG95oij0fC3QV3URf4V2SDYGJhJnJGqvIIgdECeODCT98wSWDAJ94SSuVpYQUoTcGUIL6L4yNB7j1DFFHSBg=="
  "resolved" "https://registry.npmjs.org/regenerator-runtime/-/regenerator-runtime-0.11.1.tgz"
  "version" "0.11.1"

"restore-cursor@^1.0.1":
  "integrity" "sha1-NGYfRohjJ/7SmRR5FSJS35LapUE="
  "resolved" "https://registry.npmjs.org/restore-cursor/-/restore-cursor-1.0.1.tgz"
  "version" "1.0.1"
  dependencies:
    "exit-hook" "^1.0.0"
    "onetime" "^1.0.0"

"run-async@^0.1.0":
  "integrity" "sha1-yK1KXhEGYeQCp9IbUw4AnyX444k="
  "resolved" "https://registry.npmjs.org/run-async/-/run-async-0.1.0.tgz"
  "version" "0.1.0"
  dependencies:
    "once" "^1.3.0"

"rx-lite@^3.1.2":
  "integrity" "sha1-Gc5QLKVyZl87ZHsQk5+X/RYV8QI="
  "resolved" "https://registry.npmjs.org/rx-lite/-/rx-lite-3.1.2.tgz"
  "version" "3.1.2"

"string-width@^1.0.1":
  "integrity" "sha1-EYvfW4zcUaKn5w0hHgfisLmxB9M="
  "resolved" "https://registry.npmjs.org/string-width/-/string-width-1.0.2.tgz"
  "version" "1.0.2"
  dependencies:
    "code-point-at" "^1.0.0"
    "is-fullwidth-code-point" "^1.0.0"
    "strip-ansi" "^3.0.0"

"strip-ansi@^3.0.0":
  "integrity" "sha1-ajhfuIU9lS1f8F0Oiq+UJ43GPc8="
  "resolved" "https://registry.npmjs.org/strip-ansi/-/strip-ansi-3.0.1.tgz"
  "version" "3.0.1"
  dependencies:
    "ansi-regex" "^2.0.0"

"supports-color@^2.0.0":
  "integrity" "sha1-U10EXOa2Nj+kARcIRimZXp3zJMc="
  "resolved" "https://registry.npmjs.org/supports-color/-/supports-color-2.0.0.tgz"
  "version" "2.0.0"

"through@^2.3.6":
  "integrity" "sha1-DdTJ/6q8NXlgsbckEV1+Doai4fU="
  "resolved" "https://registry.npmjs.org/through/-/through-2.3.8.tgz"
  "version" "2.3.8"

"tr46@~0.0.3":
  "integrity" "sha1-gYT9NH2snNwYWZLzpmIuFLnZq2o="
  "resolved" "https://registry.npmjs.org/tr46/-/tr46-0.0.3.tgz"
  "version" "0.0.3"

"webidl-conversions@^3.0.0":
  "integrity" "sha1-JFNCdeKnvGvnvIZhHMFq4KVlSHE="
  "resolved" "https://registry.npmjs.org/webidl-conversions/-/webidl-conversions-3.0.1.tgz"
  "version" "3.0.1"

"whatwg-url@^5.0.0":
  "integrity" "sha1-lmRU6HZUYuN2RNNib2dCzotwll0="
  "resolved" "https://registry.npmjs.org/whatwg-url/-/whatwg-url-5.0.0.tgz"
  "version" "5.0.0"
  dependencies:
    "tr46" "~0.0.3"
    "webidl-conversions" "^3.0.0"

"wrappy@1":
  "integrity" "sha1-tSQ9jz7BqjXxNkYFvA0QNuMKtp8="
  "resolved" "https://registry.npmjs.org/wrappy/-/wrappy-1.0.2.tgz"
  "version" "1.0.2"
